
Microsoft Visual Studio Solution File, Format Version 12.00
# Visual Studio Version 17
VisualStudioVersion = 17.6.33712.159
MinimumVisualStudioVersion = 10.0.40219.1
Project("{888888A0-9F3D-457C-B088-3A5042F75D52}") = "Lesson1", "Lesson1\Lesson1.pyproj", "{E93BB2B8-BC56-48D9-A13C-96DBCA6B66D9}"
EndProject
Global
	GlobalSection(SolutionConfigurationPlatforms) = preSolution
		Debug|Any CPU = Debug|Any CPU
		Release|Any CPU = Release|Any CPU
	EndGlobalSection
	GlobalSection(ProjectConfigurationPlatforms) = postSolution
		{E93BB2B8-BC56-48D9-A13C-96DBCA6B66D9}.Debug|Any CPU.ActiveCfg = Debug|Any CPU
		{E93BB2B8-BC56-48D9-A13C-96DBCA6B66D9}.Release|Any CPU.ActiveCfg = Release|Any CPU
	EndGlobalSection
	GlobalSection(SolutionProperties) = preSolution
		HideSolutionNode = FALSE
	EndGlobalSection
	GlobalSection(ExtensibilityGlobals) = postSolution
		SolutionGuid = {5D01CB78-9D38-4EEA-B404-3955F20D3EE3}
	EndGlobalSection
EndGlobal
